
Microsoft Visual Studio Solution File, Format Version 12.00
# Visual Studio 15
VisualStudioVersion = 15.0.28010.0
MinimumVisualStudioVersion = 10.0.40219.1
Project("{FAE04EC0-301F-11D3-BF4B-00C04F79EFBC}") = "MediaManager", "MediaManager\MediaManager.csproj", "{C4D6F8CA-F05D-44BE-9716-0DD6EA1BE235}"
EndProject
Global
	GlobalSection(SolutionConfigurationPlatforms) = preSolution
		Debug|Any CPU = Debug|Any CPU
		Release|Any CPU = Release|Any CPU
	EndGlobalSection
	GlobalSection(ProjectConfigurationPlatforms) = postSolution
		{C4D6F8CA-F05D-44BE-9716-0DD6EA1BE235}.Debug|Any CPU.ActiveCfg = Debug|Any CPU
		{C4D6F8CA-F05D-44BE-9716-0DD6EA1BE235}.Debug|Any CPU.Build.0 = Debug|Any CPU
		{C4D6F8CA-F05D-44BE-9716-0DD6EA1BE235}.Release|Any CPU.ActiveCfg = Release|Any CPU
		{C4D6F8CA-F05D-44BE-9716-0DD6EA1BE235}.Release|Any CPU.Build.0 = Release|Any CPU
	EndGlobalSection
	GlobalSection(SolutionProperties) = preSolution
		HideSolutionNode = FALSE
	EndGlobalSection
	GlobalSection(ExtensibilityGlobals) = postSolution
		SolutionGuid = {51C15769-C2F9-428D-9E69-BD1E979C60F8}
	EndGlobalSection
EndGlobal
